version = 1
revision = 3
requires-python = ">=3.8"

[[package]]
name = "astrodrift"
source = { editable = "." }
dependencies = [
    { name = "patchelf" },
]

[package.metadata]
requires-dist = [{ name = "patchelf", specifier = ">=0.17.2.4" }]

[[package]]
name = "patchelf"
version = "0.17.2.4"
source = { registry = "https://pypi.org/simple" }
sdist = { url = "https://files.pythonhosted.org/packages/2c/a3/fdd3fa938c864aa2f11dd0b7f08befeda983d2dcdee44da493c6977a653f/patchelf-0.17.2.4.tar.gz", hash = "sha256:970ee5cd8af33e5ea2099510b2f9013fa1b8d5cd763bf3fd3961281c18101a09", size = 149629, upload-time = "2025-07-23T21:16:32.071Z" }
wheels = [
    { url = "https://files.pythonhosted.org/packages/b1/a7/8c4f86c78ec03db954d05fd9c57a114cc3a172a2d3e4a8b949cd5ff89471/patchelf-0.17.2.4-py3-none-macosx_10_9_universal2.whl", hash = "sha256:343bb1b94e959f9070ca9607453b04390e36bbaa33c88640b989cefad0aa049e", size = 184436, upload-time = "2025-07-23T21:16:20.578Z" },
    { url = "https://files.pythonhosted.org/packages/0b/6d/2e9f5483cdb352fab36b8076667b062b2d79cb09d2e3fd09b6fca5771cb6/patchelf-0.17.2.4-py3-none-manylinux1_i686.manylinux_2_5_i686.musllinux_1_1_i686.whl", hash = "sha256:09fd848d625a165fc7b7e07745508c24077129b019c4415a882938781d43adf8", size = 547318, upload-time = "2025-07-23T21:16:22.135Z" },
    { url = "https://files.pythonhosted.org/packages/7e/19/f7821ef31aab01fa7dc8ebe697ece88ec4f7a0fdd3155dab2dfee4b00e5c/patchelf-0.17.2.4-py3-none-manylinux1_x86_64.manylinux_2_5_x86_64.musllinux_1_1_x86_64.whl", hash = "sha256:d9b35ebfada70c02679ad036407d9724ffe1255122ba4ac5e4be5868618a5689", size = 482846, upload-time = "2025-07-23T21:16:23.73Z" },
    { url = "https://files.pythonhosted.org/packages/d1/50/107fea848ecfd851d473b079cab79107487d72c4c3cdb25b9d2603a24ca2/patchelf-0.17.2.4-py3-none-manylinux2014_aarch64.manylinux_2_17_aarch64.musllinux_1_1_aarch64.whl", hash = "sha256:2931a1b5b85f3549661898af7bf746afbda7903c7c9a967cfc998a3563f84fad", size = 477811, upload-time = "2025-07-23T21:16:25.145Z" },
    { url = "https://files.pythonhosted.org/packages/89/a9/a9a2103e159fd65bffbc21ecc5c8c36e44eb34fe53b4ef85fb6d08c2a635/patchelf-0.17.2.4-py3-none-manylinux2014_armv7l.manylinux_2_17_armv7l.musllinux_1_1_armv7l.whl", hash = "sha256:ae44cb3c857d50f54b99e5697aa978726ada33a8a6129d4b8b7ffd28b996652d", size = 431226, upload-time = "2025-07-23T21:16:26.765Z" },
    { url = "https://files.pythonhosted.org/packages/87/93/897d612f6df7cfd987bdf668425127efeff8d8e4ad8bfbab1c69d2a0d861/patchelf-0.17.2.4-py3-none-manylinux2014_ppc64le.manylinux_2_17_ppc64le.musllinux_1_1_ppc64le.whl", hash = "sha256:680a266a70f60a7a4f4c448482c5bdba80cc8e6bb155a49dcc24238ba49927b0", size = 540276, upload-time = "2025-07-23T21:16:27.983Z" },
    { url = "https://files.pythonhosted.org/packages/5d/b8/2b92d11533482bac9ee989081d6880845287751b5f528adbd6bb27667fbd/patchelf-0.17.2.4-py3-none-manylinux2014_s390x.manylinux_2_17_s390x.musllinux_1_1_s390x.whl", hash = "sha256:d842b51f0401460f3b1f3a3a67d2c266a8f515a5adfbfa6e7b656cb3ac2ed8bc", size = 596632, upload-time = "2025-07-23T21:16:29.253Z" },
    { url = "https://files.pythonhosted.org/packages/14/e2/975d4bdb418f942b53e6187b95bd9e0d5e0488b7bc214685a1e43e2c2751/patchelf-0.17.2.4-py3-none-manylinux_2_31_riscv64.musllinux_1_1_riscv64.whl", hash = "sha256:7076d9e127230982e20a81a6e2358d3343004667ba510d9f822d4fdee29b0d71", size = 508281, upload-time = "2025-07-23T21:16:30.865Z" },
]
